
Microsoft Visual Studio Solution File, Format Version 12.00
# Visual Studio Version 17
VisualStudioVersion = 17.9.34310.174
MinimumVisualStudioVersion = 10.0.40219.1
Project("{9A19103F-16F7-4668-BE54-9A1E7A4F7556}") = "DotNet8WebApiAuthentication", "DotNet8WebApiAuthentication\DotNet8WebApiAuthentication.csproj", "{215C0376-7E60-4807-A738-6662B3C6EDCB}"
EndProject
Project("{FAE04EC0-301F-11D3-BF4B-00C04F79EFBC}") = "DotNet8BlazorWebApp", "DotNet8BlazorWebApp\DotNet8BlazorWebApp.csproj", "{2109A309-C2A5-4B3B-9C79-F3C5E33C6E9A}"
EndProject
Global
	GlobalSection(SolutionConfigurationPlatforms) = preSolution
		Debug|Any CPU = Debug|Any CPU
		Release|Any CPU = Release|Any CPU
	EndGlobalSection
	GlobalSection(ProjectConfigurationPlatforms) = postSolution
		{215C0376-7E60-4807-A738-6662B3C6EDCB}.Debug|Any CPU.ActiveCfg = Debug|Any CPU
		{215C0376-7E60-4807-A738-6662B3C6EDCB}.Debug|Any CPU.Build.0 = Debug|Any CPU
		{215C0376-7E60-4807-A738-6662B3C6EDCB}.Release|Any CPU.ActiveCfg = Release|Any CPU
		{215C0376-7E60-4807-A738-6662B3C6EDCB}.Release|Any CPU.Build.0 = Release|Any CPU
		{2109A309-C2A5-4B3B-9C79-F3C5E33C6E9A}.Debug|Any CPU.ActiveCfg = Debug|Any CPU
		{2109A309-C2A5-4B3B-9C79-F3C5E33C6E9A}.Debug|Any CPU.Build.0 = Debug|Any CPU
		{2109A309-C2A5-4B3B-9C79-F3C5E33C6E9A}.Release|Any CPU.ActiveCfg = Release|Any CPU
		{2109A309-C2A5-4B3B-9C79-F3C5E33C6E9A}.Release|Any CPU.Build.0 = Release|Any CPU
	EndGlobalSection
	GlobalSection(SolutionProperties) = preSolution
		HideSolutionNode = FALSE
	EndGlobalSection
	GlobalSection(ExtensibilityGlobals) = postSolution
		SolutionGuid = {DBEE3336-3E58-4F70-A24C-6E538503369F}
	EndGlobalSection
EndGlobal
